{
  "version": 4,
  "terraform_version": "1.14.0",
  "serial": 13,
  "lineage": "5c664d94-c54a-1ab5-d98a-bddd953defbb",
  "outputs": {
    "ssh_commands": {
      "value": {
        "main": "ssh -i keys/key-rsa.pem ubuntu@34.142.187.81"
      },
      "type": [
        "object",
        {
          "main": "string"
        }
      ]
    },
    "vm_external_ips": {
      "value": {
        "main": "34.142.187.81"
      },
      "type": [
        "object",
        {
          "main": "string"
        }
      ]
    }
  },
  "resources": [
    {
      "mode": "managed",
      "type": "google_compute_disk",
      "name": "boot",
      "provider": "provider[\"registry.terraform.io/hashicorp/google\"]",
      "instances": [
        {
          "index_key": "main",
          "schema_version": 0,
          "attributes": {
            "access_mode": "",
            "architecture": null,
            "async_primary_disk": [],
            "create_snapshot_before_destroy": false,
            "create_snapshot_before_destroy_prefix": null,
            "creation_timestamp": "2026-02-04T00:05:47.399-08:00",
            "description": "",
            "disk_encryption_key": [],
            "disk_id": "1203816045504054069",
            "effective_labels": {
              "env": "dev",
              "goog-terraform-provisioned": "true"
            },
            "enable_confidential_compute": false,
            "guest_os_features": [
              {
                "type": "GVNIC"
              },
              {
                "type": "IDPF"
              },
              {
                "type": "SEV_CAPABLE"
              },
              {
                "type": "SEV_LIVE_MIGRATABLE"
              },
              {
                "type": "SEV_LIVE_MIGRATABLE_V2"
              },
              {
                "type": "SEV_SNP_CAPABLE"
              },
              {
                "type": "TDX_CAPABLE"
              },
              {
                "type": "UEFI_COMPATIBLE"
              },
              {
                "type": "VIRTIO_SCSI_MULTIQUEUE"
              }
            ],
            "id": "projects/my-project-test-485708/zones/asia-southeast1-b/disks/main-boot-disk",
            "image": "https://www.googleapis.com/compute/v1/projects/ubuntu-os-cloud/global/images/ubuntu-2204-jammy-v20260128",
            "label_fingerprint": "GRxbiIDtNlU=",
            "labels": {
              "env": "dev"
            },
            "last_attach_timestamp": "",
            "last_detach_timestamp": "",
            "licenses": [
              "https://www.googleapis.com/compute/v1/projects/ubuntu-os-cloud/global/licenses/ubuntu-2204-lts"
            ],
            "name": "main-boot-disk",
            "params": [],
            "physical_block_size_bytes": 4096,
            "project": "my-project-test-485708",
            "provisioned_iops": 0,
            "provisioned_throughput": 0,
            "self_link": "https://www.googleapis.com/compute/v1/projects/my-project-test-485708/zones/asia-southeast1-b/disks/main-boot-disk",
            "size": 100,
            "snapshot": "",
            "source_disk": "",
            "source_disk_id": "",
            "source_image_encryption_key": [],
            "source_image_id": "5091929615075082713",
            "source_instant_snapshot": "",
            "source_instant_snapshot_id": "",
            "source_snapshot_encryption_key": [],
            "source_snapshot_id": "",
            "source_storage_object": null,
            "storage_pool": "",
            "terraform_labels": {
              "env": "dev",
              "goog-terraform-provisioned": "true"
            },
            "timeouts": null,
            "type": "pd-balanced",
            "users": [],
            "zone": "asia-southeast1-b"
          },
          "sensitive_attributes": [],
          "identity_schema_version": 0,
          "private": "eyJlMmJmYjczMC1lY2FhLTExZTYtOGY4OC0zNDM2M2JjN2M0YzAiOnsiY3JlYXRlIjoxMjAwMDAwMDAwMDAwLCJkZWxldGUiOjEyMDAwMDAwMDAwMDAsInVwZGF0ZSI6MTIwMDAwMDAwMDAwMH19"
        }
      ]
    },
    {
      "mode": "managed",
      "type": "google_compute_firewall",
      "name": "allow_calico_vxlan",
      "provider": "provider[\"registry.terraform.io/hashicorp/google\"]",
      "instances": [
        {
          "schema_version": 1,
          "attributes": {
            "allow": [
              {
                "ports": [
                  "8472"
                ],
                "protocol": "udp"
              }
            ],
            "creation_timestamp": "2026-02-04T00:06:09.047-08:00",
            "deny": [],
            "description": "",
            "destination_ranges": [],
            "direction": "INGRESS",
            "disabled": false,
            "enable_logging": null,
            "id": "projects/my-project-test-485708/global/firewalls/allow-calico-vxlan",
            "log_config": [],
            "name": "allow-calico-vxlan",
            "network": "https://www.googleapis.com/compute/v1/projects/my-project-test-485708/global/networks/qlts-vpc",
            "params": [],
            "priority": 1000,
            "project": "my-project-test-485708",
            "self_link": "https://www.googleapis.com/compute/v1/projects/my-project-test-485708/global/firewalls/allow-calico-vxlan",
            "source_ranges": [
              "10.10.0.0/16"
            ],
            "source_service_accounts": null,
            "source_tags": null,
            "target_service_accounts": null,
            "target_tags": [
              "k8s-node"
            ],
            "timeouts": null
          },
          "sensitive_attributes": [],
          "identity_schema_version": 0,
          "private": "eyJlMmJmYjczMC1lY2FhLTExZTYtOGY4OC0zNDM2M2JjN2M0YzAiOnsiY3JlYXRlIjoxMjAwMDAwMDAwMDAwLCJkZWxldGUiOjEyMDAwMDAwMDAwMDAsInVwZGF0ZSI6MTIwMDAwMDAwMDAwMH0sInNjaGVtYV92ZXJzaW9uIjoiMSJ9",
          "dependencies": [
            "google_compute_network.vpc"
          ]
        }
      ]
    },
    {
      "mode": "managed",
      "type": "google_compute_firewall",
      "name": "allow_control_plane_internal",
      "provider": "provider[\"registry.terraform.io/hashicorp/google\"]",
      "instances": [
        {
          "schema_version": 1,
          "attributes": {
            "allow": [
              {
                "ports": [
                  "10257",
                  "10259"
                ],
                "protocol": "tcp"
              }
            ],
            "creation_timestamp": "2026-02-04T00:06:08.535-08:00",
            "deny": [],
            "description": "",
            "destination_ranges": [],
            "direction": "INGRESS",
            "disabled": false,
            "enable_logging": null,
            "id": "projects/my-project-test-485708/global/firewalls/allow-control-plane-internal",
            "log_config": [],
            "name": "allow-control-plane-internal",
            "network": "https://www.googleapis.com/compute/v1/projects/my-project-test-485708/global/networks/qlts-vpc",
            "params": [],
            "priority": 1000,
            "project": "my-project-test-485708",
            "self_link": "https://www.googleapis.com/compute/v1/projects/my-project-test-485708/global/firewalls/allow-control-plane-internal",
            "source_ranges": [
              "10.10.0.0/16"
            ],
            "source_service_accounts": null,
            "source_tags": null,
            "target_service_accounts": null,
            "target_tags": [
              "k8s-control-plane"
            ],
            "timeouts": null
          },
          "sensitive_attributes": [],
          "identity_schema_version": 0,
          "private": "eyJlMmJmYjczMC1lY2FhLTExZTYtOGY4OC0zNDM2M2JjN2M0YzAiOnsiY3JlYXRlIjoxMjAwMDAwMDAwMDAwLCJkZWxldGUiOjEyMDAwMDAwMDAwMDAsInVwZGF0ZSI6MTIwMDAwMDAwMDAwMH0sInNjaGVtYV92ZXJzaW9uIjoiMSJ9",
          "dependencies": [
            "google_compute_network.vpc"
          ]
        }
      ]
    },
    {
      "mode": "managed",
      "type": "google_compute_firewall",
      "name": "allow_k8s_apiserver",
      "provider": "provider[\"registry.terraform.io/hashicorp/google\"]",
      "instances": [
        {
          "schema_version": 1,
          "attributes": {
            "allow": [
              {
                "ports": [
                  "6443"
                ],
                "protocol": "tcp"
              }
            ],
            "creation_timestamp": "2026-02-04T00:06:08.892-08:00",
            "deny": [],
            "description": "",
            "destination_ranges": [],
            "direction": "INGRESS",
            "disabled": false,
            "enable_logging": null,
            "id": "projects/my-project-test-485708/global/firewalls/allow-k8s-apiserver",
            "log_config": [],
            "name": "allow-k8s-apiserver",
            "network": "https://www.googleapis.com/compute/v1/projects/my-project-test-485708/global/networks/qlts-vpc",
            "params": [],
            "priority": 1000,
            "project": "my-project-test-485708",
            "self_link": "https://www.googleapis.com/compute/v1/projects/my-project-test-485708/global/firewalls/allow-k8s-apiserver",
            "source_ranges": [
              "10.10.0.0/16"
            ],
            "source_service_accounts": null,
            "source_tags": null,
            "target_service_accounts": null,
            "target_tags": [
              "k8s-control-plane"
            ],
            "timeouts": null
          },
          "sensitive_attributes": [],
          "identity_schema_version": 0,
          "private": "eyJlMmJmYjczMC1lY2FhLTExZTYtOGY4OC0zNDM2M2JjN2M0YzAiOnsiY3JlYXRlIjoxMjAwMDAwMDAwMDAwLCJkZWxldGUiOjEyMDAwMDAwMDAwMDAsInVwZGF0ZSI6MTIwMDAwMDAwMDAwMH0sInNjaGVtYV92ZXJzaW9uIjoiMSJ9",
          "dependencies": [
            "google_compute_network.vpc"
          ]
        }
      ]
    },
    {
      "mode": "managed",
      "type": "google_compute_firewall",
      "name": "allow_kubelet",
      "provider": "provider[\"registry.terraform.io/hashicorp/google\"]",
      "instances": [
        {
          "schema_version": 1,
          "attributes": {
            "allow": [
              {
                "ports": [
                  "10250"
                ],
                "protocol": "tcp"
              }
            ],
            "creation_timestamp": "2026-02-04T00:06:08.876-08:00",
            "deny": [],
            "description": "",
            "destination_ranges": [],
            "direction": "INGRESS",
            "disabled": false,
            "enable_logging": null,
            "id": "projects/my-project-test-485708/global/firewalls/allow-kubelet",
            "log_config": [],
            "name": "allow-kubelet",
            "network": "https://www.googleapis.com/compute/v1/projects/my-project-test-485708/global/networks/qlts-vpc",
            "params": [],
            "priority": 1000,
            "project": "my-project-test-485708",
            "self_link": "https://www.googleapis.com/compute/v1/projects/my-project-test-485708/global/firewalls/allow-kubelet",
            "source_ranges": [
              "10.10.0.0/16"
            ],
            "source_service_accounts": null,
            "source_tags": null,
            "target_service_accounts": null,
            "target_tags": [
              "k8s-control-plane",
              "k8s-node"
            ],
            "timeouts": null
          },
          "sensitive_attributes": [],
          "identity_schema_version": 0,
          "private": "eyJlMmJmYjczMC1lY2FhLTExZTYtOGY4OC0zNDM2M2JjN2M0YzAiOnsiY3JlYXRlIjoxMjAwMDAwMDAwMDAwLCJkZWxldGUiOjEyMDAwMDAwMDAwMDAsInVwZGF0ZSI6MTIwMDAwMDAwMDAwMH0sInNjaGVtYV92ZXJzaW9uIjoiMSJ9",
          "dependencies": [
            "google_compute_network.vpc"
          ]
        }
      ]
    },
    {
      "mode": "managed",
      "type": "google_compute_firewall",
      "name": "allow_nodeport",
      "provider": "provider[\"registry.terraform.io/hashicorp/google\"]",
      "instances": [
        {
          "schema_version": 1,
          "attributes": {
            "allow": [
              {
                "ports": [
                  "30000-32767"
                ],
                "protocol": "tcp"
              }
            ],
            "creation_timestamp": "2026-02-04T00:06:08.943-08:00",
            "deny": [],
            "description": "",
            "destination_ranges": [],
            "direction": "INGRESS",
            "disabled": false,
            "enable_logging": null,
            "id": "projects/my-project-test-485708/global/firewalls/allow-nodeport",
            "log_config": [],
            "name": "allow-nodeport",
            "network": "https://www.googleapis.com/compute/v1/projects/my-project-test-485708/global/networks/qlts-vpc",
            "params": [],
            "priority": 1000,
            "project": "my-project-test-485708",
            "self_link": "https://www.googleapis.com/compute/v1/projects/my-project-test-485708/global/firewalls/allow-nodeport",
            "source_ranges": [
              "10.10.0.0/16"
            ],
            "source_service_accounts": null,
            "source_tags": null,
            "target_service_accounts": null,
            "target_tags": [
              "k8s-node"
            ],
            "timeouts": null
          },
          "sensitive_attributes": [],
          "identity_schema_version": 0,
          "private": "eyJlMmJmYjczMC1lY2FhLTExZTYtOGY4OC0zNDM2M2JjN2M0YzAiOnsiY3JlYXRlIjoxMjAwMDAwMDAwMDAwLCJkZWxldGUiOjEyMDAwMDAwMDAwMDAsInVwZGF0ZSI6MTIwMDAwMDAwMDAwMH0sInNjaGVtYV92ZXJzaW9uIjoiMSJ9",
          "dependencies": [
            "google_compute_network.vpc"
          ]
        }
      ]
    },
    {
      "mode": "managed",
      "type": "google_compute_firewall",
      "name": "allow_ssh_http",
      "provider": "provider[\"registry.terraform.io/hashicorp/google\"]",
      "instances": [
        {
          "schema_version": 1,
          "attributes": {
            "allow": [
              {
                "ports": [
                  "22",
                  "80"
                ],
                "protocol": "tcp"
              }
            ],
            "creation_timestamp": "2026-02-04T00:06:08.984-08:00",
            "deny": [],
            "description": "",
            "destination_ranges": [],
            "direction": "INGRESS",
            "disabled": false,
            "enable_logging": null,
            "id": "projects/my-project-test-485708/global/firewalls/allow-ssh-http",
            "log_config": [],
            "name": "allow-ssh-http",
            "network": "https://www.googleapis.com/compute/v1/projects/my-project-test-485708/global/networks/qlts-vpc",
            "params": [],
            "priority": 1000,
            "project": "my-project-test-485708",
            "self_link": "https://www.googleapis.com/compute/v1/projects/my-project-test-485708/global/firewalls/allow-ssh-http",
            "source_ranges": [
              "0.0.0.0/0"
            ],
            "source_service_accounts": null,
            "source_tags": null,
            "target_service_accounts": null,
            "target_tags": [
              "lab-node"
            ],
            "timeouts": null
          },
          "sensitive_attributes": [],
          "identity_schema_version": 0,
          "private": "eyJlMmJmYjczMC1lY2FhLTExZTYtOGY4OC0zNDM2M2JjN2M0YzAiOnsiY3JlYXRlIjoxMjAwMDAwMDAwMDAwLCJkZWxldGUiOjEyMDAwMDAwMDAwMDAsInVwZGF0ZSI6MTIwMDAwMDAwMDAwMH0sInNjaGVtYV92ZXJzaW9uIjoiMSJ9",
          "dependencies": [
            "google_compute_network.vpc"
          ]
        }
      ]
    },
    {
      "mode": "managed",
      "type": "google_compute_instance",
      "name": "vm",
      "provider": "provider[\"registry.terraform.io/hashicorp/google\"]",
      "instances": [
        {
          "index_key": "main",
          "schema_version": 6,
          "attributes": {
            "advanced_machine_features": [],
            "allow_stopping_for_update": true,
            "attached_disk": [],
            "boot_disk": [
              {
                "auto_delete": true,
                "device_name": "persistent-disk-0",
                "disk_encryption_key_raw": "",
                "disk_encryption_key_rsa": "",
                "disk_encryption_key_sha256": "",
                "disk_encryption_service_account": "",
                "force_attach": false,
                "guest_os_features": [
                  "VIRTIO_SCSI_MULTIQUEUE",
                  "SEV_CAPABLE",
                  "SEV_SNP_CAPABLE",
                  "SEV_LIVE_MIGRATABLE",
                  "SEV_LIVE_MIGRATABLE_V2",
                  "IDPF",
                  "TDX_CAPABLE",
                  "UEFI_COMPATIBLE",
                  "GVNIC"
                ],
                "initialize_params": [
                  {
                    "architecture": "X86_64",
                    "enable_confidential_compute": false,
                    "image": "https://www.googleapis.com/compute/v1/projects/ubuntu-os-cloud/global/images/ubuntu-2204-jammy-v20260128",
                    "labels": {
                      "env": "dev",
                      "goog-terraform-provisioned": "true"
                    },
                    "provisioned_iops": 0,
                    "provisioned_throughput": 0,
                    "resource_manager_tags": {},
                    "resource_policies": [],
                    "size": 100,
                    "snapshot": "",
                    "source_image_encryption_key": [],
                    "source_snapshot_encryption_key": [],
                    "storage_pool": "",
                    "type": "pd-balanced"
                  }
                ],
                "interface": "",
                "kms_key_self_link": "",
                "mode": "READ_WRITE",
                "source": "https://www.googleapis.com/compute/v1/projects/my-project-test-485708/zones/asia-southeast1-b/disks/main-boot-disk"
              }
            ],
            "can_ip_forward": false,
            "confidential_instance_config": [],
            "cpu_platform": "Intel Broadwell",
            "creation_timestamp": "2026-02-04T00:06:43.326-08:00",
            "current_status": "RUNNING",
            "deletion_protection": false,
            "description": "",
            "desired_status": null,
            "effective_labels": {
              "env": "dev",
              "goog-terraform-provisioned": "true"
            },
            "enable_display": false,
            "guest_accelerator": [],
            "hostname": "",
            "id": "projects/my-project-test-485708/zones/asia-southeast1-b/instances/main",
            "instance_encryption_key": [],
            "instance_id": "6760733479978090749",
            "key_revocation_action_type": "",
            "label_fingerprint": "GRxbiIDtNlU=",
            "labels": {
              "env": "dev"
            },
            "machine_type": "e2-standard-2",
            "metadata": {
              "ssh-keys": "ubuntu:ssh-rsa AAAAB3NzaC1yc2EAAAADAQABAAACAQCX7G315dZXJp2klzf2r8HjV6Mk/26t3cSK4pwsdpCZmgUxHa8jrLUIEvyPaQwYrrwYzgUk4uYlBT+3Qi2yBzdE2oDb7w5nf4x5cBq0sDIghtyNEumzvPsbjaqdGhU23WcZYVIpZpAcObzuBYFxWSSszVmMyh0b9J4lyAIxsbIXr9Itj+daIUGeP3V608c8ufln464qVGtuxn/PHGRjqADYSfbW9z+7V1rcLHXNal5Z8WcXZGatliyRUR2uPr+tBxmdplVvBRwNKLsQonaTCBx8m1vZ2+xmSILhvrgoTKYOg/6HMV6QzCG+dbS1g/kRilgtDqRSy457PnFZNISAnhZmru/qHO+bobnbMQ9WYBKyLLTSJz1YRZgZFnTNcc383CGBWZRLEwIAA/1E38xDO6u2Zqn6mvmh9KsFi4gwr/1GwzT3pQ0VXfqlkNSv9N0Y3Ht4xKD70hrAhlK8ObUf3H1l5+vh1/wPQF57sD+ZX17bPgxJ4xeqdAmvneerF8KUpz9XJ0qiDWV0nrhNOUilD3ZZsoAWIbTlDeF9ZzB5Fa37pdN3qNSijP2huUwZLyl9UQSpLfeq1z6bWpQHFNXxxMGRJoyjb3tY21kaz8k6Ei0bkAqcDYh/DI+ajZfENrS+lde7dnRVE1TrHZWY9LzuBTOFfSre31WpymAZhBnNjkb1RQ==\n"
            },
            "metadata_fingerprint": "YjcU_Xo8HCI=",
            "metadata_startup_script": "#!/bin/bash\r\nset -e\r\napt-get update -y\r\napt-get install -y nginx\r\nsystemctl enable --now nginx\r\n",
            "min_cpu_platform": "",
            "name": "main",
            "network_interface": [
              {
                "access_config": [
                  {
                    "nat_ip": "34.142.187.81",
                    "network_tier": "PREMIUM",
                    "public_ptr_domain_name": ""
                  }
                ],
                "alias_ip_range": [],
                "igmp_query": "",
                "internal_ipv6_prefix_length": 0,
                "ipv6_access_config": [],
                "ipv6_access_type": "",
                "ipv6_address": "",
                "name": "nic0",
                "network": "https://www.googleapis.com/compute/v1/projects/my-project-test-485708/global/networks/qlts-vpc",
                "network_attachment": "",
                "network_ip": "10.10.0.2",
                "nic_type": "",
                "queue_count": 0,
                "stack_type": "IPV4_ONLY",
                "subnetwork": "https://www.googleapis.com/compute/v1/projects/my-project-test-485708/regions/asia-southeast1/subnetworks/qlts-subnet",
                "subnetwork_project": "my-project-test-485708"
              }
            ],
            "network_performance_config": [],
            "params": [],
            "project": "my-project-test-485708",
            "reservation_affinity": [],
            "resource_policies": null,
            "scheduling": [
              {
                "automatic_restart": true,
                "availability_domain": 0,
                "instance_termination_action": "",
                "local_ssd_recovery_timeout": [],
                "max_run_duration": [],
                "min_node_cpus": 0,
                "node_affinities": [],
                "on_host_maintenance": "MIGRATE",
                "on_instance_stop_action": [],
                "preemptible": false,
                "provisioning_model": "STANDARD",
                "termination_time": ""
              }
            ],
            "scratch_disk": [],
            "self_link": "https://www.googleapis.com/compute/v1/projects/my-project-test-485708/zones/asia-southeast1-b/instances/main",
            "service_account": [],
            "shielded_instance_config": [
              {
                "enable_integrity_monitoring": true,
                "enable_secure_boot": false,
                "enable_vtpm": true
              }
            ],
            "tags": [
              "lab-node"
            ],
            "tags_fingerprint": "JsYPtl9qJU0=",
            "terraform_labels": {
              "env": "dev",
              "goog-terraform-provisioned": "true"
            },
            "timeouts": null,
            "zone": "asia-southeast1-b"
          },
          "sensitive_attributes": [
            [
              {
                "type": "get_attr",
                "value": "boot_disk"
              },
              {
                "type": "index",
                "value": {
                  "value": 0,
                  "type": "number"
                }
              },
              {
                "type": "get_attr",
                "value": "disk_encryption_key_raw"
              }
            ],
            [
              {
                "type": "get_attr",
                "value": "boot_disk"
              },
              {
                "type": "index",
                "value": {
                  "value": 0,
                  "type": "number"
                }
              },
              {
                "type": "get_attr",
                "value": "disk_encryption_key_rsa"
              }
            ]
          ],
          "identity_schema_version": 0,
          "private": "eyJlMmJmYjczMC1lY2FhLTExZTYtOGY4OC0zNDM2M2JjN2M0YzAiOnsiY3JlYXRlIjoxMjAwMDAwMDAwMDAwLCJkZWxldGUiOjEyMDAwMDAwMDAwMDAsInVwZGF0ZSI6MTIwMDAwMDAwMDAwMH0sInNjaGVtYV92ZXJzaW9uIjoiNiJ9",
          "dependencies": [
            "google_compute_disk.boot",
            "google_compute_network.vpc",
            "google_compute_subnetwork.subnet",
            "tls_private_key.ssh_key"
          ]
        }
      ]
    },
    {
      "mode": "managed",
      "type": "google_compute_network",
      "name": "vpc",
      "provider": "provider[\"registry.terraform.io/hashicorp/google\"]",
      "instances": [
        {
          "schema_version": 0,
          "attributes": {
            "auto_create_subnetworks": false,
            "bgp_always_compare_med": false,
            "bgp_best_path_selection_mode": "LEGACY",
            "bgp_inter_region_cost": "",
            "delete_bgp_always_compare_med": false,
            "delete_default_routes_on_create": false,
            "description": "",
            "enable_ula_internal_ipv6": false,
            "gateway_ipv4": "",
            "id": "projects/my-project-test-485708/global/networks/qlts-vpc",
            "internal_ipv6_range": "",
            "mtu": 0,
            "name": "qlts-vpc",
            "network_firewall_policy_enforcement_order": "AFTER_CLASSIC_FIREWALL",
            "network_id": "5007674747697185589",
            "network_profile": "",
            "numeric_id": "5007674747697185589",
            "params": [],
            "project": "my-project-test-485708",
            "routing_mode": "REGIONAL",
            "self_link": "https://www.googleapis.com/compute/v1/projects/my-project-test-485708/global/networks/qlts-vpc",
            "timeouts": null
          },
          "sensitive_attributes": [],
          "identity_schema_version": 0,
          "private": "eyJlMmJmYjczMC1lY2FhLTExZTYtOGY4OC0zNDM2M2JjN2M0YzAiOnsiY3JlYXRlIjoxMjAwMDAwMDAwMDAwLCJkZWxldGUiOjEyMDAwMDAwMDAwMDAsInVwZGF0ZSI6MTIwMDAwMDAwMDAwMH19"
        }
      ]
    },
    {
      "mode": "managed",
      "type": "google_compute_subnetwork",
      "name": "subnet",
      "provider": "provider[\"registry.terraform.io/hashicorp/google\"]",
      "instances": [
        {
          "schema_version": 0,
          "attributes": {
            "creation_timestamp": "2026-02-04T00:06:09.661-08:00",
            "description": "",
            "external_ipv6_prefix": "",
            "fingerprint": null,
            "gateway_address": "10.10.0.1",
            "id": "projects/my-project-test-485708/regions/asia-southeast1/subnetworks/qlts-subnet",
            "internal_ipv6_prefix": "",
            "ip_cidr_range": "10.10.0.0/16",
            "ip_collection": null,
            "ipv6_access_type": "",
            "ipv6_cidr_range": "",
            "ipv6_gce_endpoint": "",
            "log_config": [],
            "name": "qlts-subnet",
            "network": "https://www.googleapis.com/compute/v1/projects/my-project-test-485708/global/networks/qlts-vpc",
            "params": [],
            "private_ip_google_access": false,
            "private_ipv6_google_access": "DISABLE_GOOGLE_ACCESS",
            "project": "my-project-test-485708",
            "purpose": "PRIVATE",
            "region": "asia-southeast1",
            "reserved_internal_range": "",
            "role": "",
            "secondary_ip_range": [],
            "self_link": "https://www.googleapis.com/compute/v1/projects/my-project-test-485708/regions/asia-southeast1/subnetworks/qlts-subnet",
            "send_secondary_ip_range_if_empty": null,
            "stack_type": "IPV4_ONLY",
            "state": "",
            "subnetwork_id": -1221639394,
            "timeouts": null
          },
          "sensitive_attributes": [],
          "identity_schema_version": 0,
          "private": "eyJlMmJmYjczMC1lY2FhLTExZTYtOGY4OC0zNDM2M2JjN2M0YzAiOnsiY3JlYXRlIjoxMjAwMDAwMDAwMDAwLCJkZWxldGUiOjEyMDAwMDAwMDAwMDAsInVwZGF0ZSI6MTIwMDAwMDAwMDAwMH19",
          "dependencies": [
            "google_compute_network.vpc"
          ]
        }
      ]
    },
    {
      "mode": "managed",
      "type": "local_file",
      "name": "private_key",
      "provider": "provider[\"registry.terraform.io/hashicorp/local\"]",
      "instances": [
        {
          "index_key": 0,
          "schema_version": 0,
          "attributes": {
            "content": "-----BEGIN RSA PRIVATE KEY-----\nMIIJKQIBAAKCAgEAl+xt9eXWVyadpJc39q/B41ejJP9urd3EiuKcLHaQmZoFMR2v\nI6y1CBL8j2kMGK68GM4FJOLmJQU/t0Itsgc3RNqA2+8OZ3+MeXAatLAyIIbcjRLp\ns7z7G42qnRoVNt1nGWFSKWaQHDm87gWBcVkkrM1ZjModG/SeJcgCMbGyF6/SLY/n\nWiFBnj91etPHPLn5Z+OuKlRrbsZ/zxxkY6gA2En21vc/u1da3Cx1zWpeWfFnF2Rm\nrZYskVEdrj6/rQcZnaZVbwUcDSi7EKJ2kwgcfJtb2dvsZkiC4b64KEymDoP+hzFe\nkMwhvnW0tYP5EYpYLQ6kUsuOez5xWTSEgJ4WZq7v6hzvm6G52zEPVmASsiy00ic9\nWEWYGRZ0zXHN/NwhgVmUSxMCAAP9RN/MQzurtmap+pr5ofSrBYuIMK/9RsM096UN\nFV36pZDUr/TdGNx7eMSg+9IawIZSvDm1H9x9Zefr4df8D0Bee7A/mV9e2z4MSeMX\nqnQJr53nqxfClKc/VydKog1ldJ64TTlIpQ92WbKAFiG05Q3hfWcweRWt+6XTd6jU\nooz9oblMGS8pfVEEqS33qtc+m1qUBxTV8cTBkSaMo297WNtZGs/JOhItG5AKnA2I\nfwyPmo2XxDa0vpXXu3Z0VRNU6x2VmPS87gUzhX0q3t9VqcpgGYQZzY5G9UUCAwEA\nAQKCAgADm2Vw9SgFobEUe1Kk1L9xul7xPe9OyXklIwQ6OgZs3y9IX0ANRMh3jJva\ne9ABtgRZQmr02T5Fmr5Mh5G2LF2vkNCGaEKbSnf3WiYILDbEdu89mjlaPx5nJRHr\n8PaX+uG7xIfC2+CICwblT9Qm8MriH24E3bebNk+a7gi/TUzBKzd+RXBkv21jaHZN\nmEGeu3ukb89uydpTIvtd23q2swJyIC9wIyasOAK8P4H8go4C7KxZ7dRSQsKEILzn\nqi262fRNvelBXYmw9kqatoDCNOsYOkgQABy4wPf6jCCrNEatCY09gHqSTYZvkzPb\nK2r6c6JsT3CvVo3ndzARwiFzPE2j0R4WjciLV32ZU4bDz5EUSEVZzzf0+P0LfbzR\nJzDc7tjjHDcd5ljH6TASk8PxokZ52fsDddlH5na/u3RpHqKwnhUBu71E1RMqOZXk\nmvocN/IX6d5/Z188sGuap/YW7qrNBfutbAr3B7FWmtc5BWakkDg00n9SrLvSUlmr\nK0xy5hCPNpBJepFgkBNEK163CO0pvmHtlsM7h+Az404BKNd1antA6hu0KmwPROo1\nKCc4ZEc8+lrm80vu9MFoqdlswLeS61W71N9w0m4sFoKdvkrU4C9nlSZhs90fk3IF\nTr5tRNCX4fyEulepRVaEoKFakCZ6QNgEkOXSV6w2i/FAp+bygQKCAQEAxje/guBH\n5NS/DHRmxag8fYElfBH+s1DNoRRoWzm8C3wG+7s9xndNBjb2+Qrhql7e0ZcyChZ6\n9GGZ6ZwexrRKpguYKgcA4uvJfenFknXkDdc10ysez/gBqmVz01D3SZpTAOitdAuX\nDuZz4EEoSJuQTfl7e98ELL/kDD9UAVQEQz9AfhauSgdB5R4j0rKmeLje9AjLYH7E\nnrQOWIP9PDNu8wTEojQun9/Flb6PSUN8FZbq71g6NzJa7bqItQ9VuthPuCpoW4rC\nUEbT9vKoFPqGzqEPIwibT19gFeDuHAcnilnKD6DjNshby0bGOq3F0+3wmZpTr/l4\nTrDZhAxTHrSj2QKCAQEAxDXqyZdeQv37tgehkGXgu2/gkI4IeEffuxWN45LqpuME\nYr8JxIhae3lYdSXXAIAnIxSFTFK9v1t8YWeypN/P5PTBahPOVjR8hrkyocq2HTul\nqf041ZvTUQUgU9eB81ebqGDAnHjZJ4lr0FnwqEH7fsEH3vifB7M/CW7V8PuxikJY\nnXB9fnS3a/mLroCKKh8YwyBthTB8Dnsg0yI09v3MNvmTNpDxRew5bazJWFhslaYi\nA2nrU+RlKlJZpIhR+ridvpBvS/9yCj/t5D0xGWa1KgDzfO6jiLvWV9zh0v03vtil\nS8cnBppxivBkTnacbaVEtnC5Geh+PBY0yXas61v1TQKCAQBUl7wanZ7xEL5MEW0+\n05KlOTWHIqLhYg2vvebfb99Jw2+zhPBTP9zWVyTFmhg+vmg3aGBJn9hvbSvjX+Ze\nhNkKzg3tebmuHlSKcPcJj1h5c6wb594pgT0svElXGMnAVqUv0R0dVkjsaftv7D7F\n5eYK8Pr7HW1Jr8ciVvCB9JoxHNBoP0O4gipkHp3JMMcM5FD6Mrqg/tjopg0tR38O\nbyDdg95rHvv67OQFCSNbb/qHuDWhWbTWk53ssNvg8Z9zsxcqkKai0rAk1GVnkZ2b\n/mMD0gaEvAqUMC7wh2L3ATKlv7YVP2NYoN9T/Gti5YB09qnk09D9W+k1JBJgYWYj\nx5HZAoIBAQCeVbwwDbx9ZyP20tWoBu6Bk1iujk97cNS0zkIAAZDmN5BUd0FUnYwW\n0+d0MaL8vm3WuzqOSr7gat1GZT4eGpZTdseV6IG7wwMyXMTlFwY7NOUM9lEk32h5\nmx9pSSGO04XDLMCCBGuIojaknc+8l/JxaSgG4K7EsfsOi6iNnS66GawU8K/0mg9i\nTLBRk1zrfMiovcRjlKqnrOjiOFpxboGbY29Ou0xYVrZJMQQSDNkjMjuEcbb7rfWN\nX4MDaRZuswhovXly5KKMbuZ0JoU2sFFFohrbGGBTePERWifJ8ZlIot9Q9Vci1wMF\nUdRAFStKt/FpIDHfHGSx7GGQqfoEu+KJAoIBAQDFPiiS/a6v6AaQn1Q+BmYmfNZJ\nzBnUgx6ROWMTHPYnCENIsE9mNGhaf8U/DGQBcA7yQHn36rsRw/nRPM/fi7BRltOV\nB3kQkWBvNOnUVcDaX7EApuu8Q54iZprfIV60zlqUEl/ur8wuLwCi32GLCpxk0Hqc\n6KIuA8wLfmVPu3atyViYsVfOUKB3yZMkfhKX3fZYBOo7dJER9Fas60wqMneyK6fq\nWHyJdV1T5IZRdzYr3O8t49u4xMciC2OCwsl2Va2uBDt7NogmU2aCmHOW7U16gPgQ\n3biooTJ79X0IyU7lO05egvTzS3UDWfqigM55o0pCx4mn8qmKaOtNxzs2UtZi\n-----END RSA PRIVATE KEY-----\n",
            "content_base64": null,
            "content_base64sha256": "bIQ0lS6wR1Z5IfAKiKYeYGXKpW5Qin3dLEj6Yz3EH3g=",
            "content_base64sha512": "SfkGnUXTNSPWp4Y2w2b2e2OeN/YDG9BJk04GpG/Gaspo4CvrSNzKkhJCM6LR28ih2OdG2sxB48riRjzRH/FkHw==",
            "content_md5": "f2b6bbe7a52c72a5118adca5313b5d25",
            "content_sha1": "f22db0bb782131d81e832f31fcee520e1f26c360",
            "content_sha256": "6c8434952eb047567921f00a88a61e6065caa56e508a7ddd2c48fa633dc41f78",
            "content_sha512": "49f9069d45d33523d6a78636c366f67b639e37f6031bd049934e06a46fc66aca68e02beb48dcca92124233a2d1dbc8a1d8e746dacc41e3cae2463cd11ff1641f",
            "directory_permission": "0777",
            "file_permission": "0600",
            "filename": "./keys/key-rsa.pem",
            "id": "f22db0bb782131d81e832f31fcee520e1f26c360",
            "sensitive_content": null,
            "source": null
          },
          "sensitive_attributes": [
            [
              {
                "type": "get_attr",
                "value": "content"
              }
            ],
            [
              {
                "type": "get_attr",
                "value": "sensitive_content"
              }
            ]
          ],
          "identity_schema_version": 0,
          "dependencies": [
            "tls_private_key.ssh_key"
          ]
        }
      ]
    },
    {
      "mode": "managed",
      "type": "tls_private_key",
      "name": "ssh_key",
      "provider": "provider[\"registry.terraform.io/hashicorp/tls\"]",
      "instances": [
        {
          "schema_version": 1,
          "attributes": {
            "algorithm": "RSA",
            "ecdsa_curve": "P224",
            "id": "64cf84a9bc448f4138878cf6233fa04887475135",
            "private_key_openssh": "-----BEGIN OPENSSH PRIVATE KEY-----\nb3BlbnNzaC1rZXktdjEAAAAABG5vbmUAAAAEbm9uZQAAAAAAAAABAAACFwAAAAdz\nc2gtcnNhAAAAAwEAAQAAAgEAl+xt9eXWVyadpJc39q/B41ejJP9urd3EiuKcLHaQ\nmZoFMR2vI6y1CBL8j2kMGK68GM4FJOLmJQU/t0Itsgc3RNqA2+8OZ3+MeXAatLAy\nIIbcjRLps7z7G42qnRoVNt1nGWFSKWaQHDm87gWBcVkkrM1ZjModG/SeJcgCMbGy\nF6/SLY/nWiFBnj91etPHPLn5Z+OuKlRrbsZ/zxxkY6gA2En21vc/u1da3Cx1zWpe\nWfFnF2RmrZYskVEdrj6/rQcZnaZVbwUcDSi7EKJ2kwgcfJtb2dvsZkiC4b64KEym\nDoP+hzFekMwhvnW0tYP5EYpYLQ6kUsuOez5xWTSEgJ4WZq7v6hzvm6G52zEPVmAS\nsiy00ic9WEWYGRZ0zXHN/NwhgVmUSxMCAAP9RN/MQzurtmap+pr5ofSrBYuIMK/9\nRsM096UNFV36pZDUr/TdGNx7eMSg+9IawIZSvDm1H9x9Zefr4df8D0Bee7A/mV9e\n2z4MSeMXqnQJr53nqxfClKc/VydKog1ldJ64TTlIpQ92WbKAFiG05Q3hfWcweRWt\n+6XTd6jUooz9oblMGS8pfVEEqS33qtc+m1qUBxTV8cTBkSaMo297WNtZGs/JOhIt\nG5AKnA2IfwyPmo2XxDa0vpXXu3Z0VRNU6x2VmPS87gUzhX0q3t9VqcpgGYQZzY5G\n9UUAAAc4jH+GlIx/hpQAAAAHc3NoLXJzYQAAAgEAl+xt9eXWVyadpJc39q/B41ej\nJP9urd3EiuKcLHaQmZoFMR2vI6y1CBL8j2kMGK68GM4FJOLmJQU/t0Itsgc3RNqA\n2+8OZ3+MeXAatLAyIIbcjRLps7z7G42qnRoVNt1nGWFSKWaQHDm87gWBcVkkrM1Z\njModG/SeJcgCMbGyF6/SLY/nWiFBnj91etPHPLn5Z+OuKlRrbsZ/zxxkY6gA2En2\n1vc/u1da3Cx1zWpeWfFnF2RmrZYskVEdrj6/rQcZnaZVbwUcDSi7EKJ2kwgcfJtb\n2dvsZkiC4b64KEymDoP+hzFekMwhvnW0tYP5EYpYLQ6kUsuOez5xWTSEgJ4WZq7v\n6hzvm6G52zEPVmASsiy00ic9WEWYGRZ0zXHN/NwhgVmUSxMCAAP9RN/MQzurtmap\n+pr5ofSrBYuIMK/9RsM096UNFV36pZDUr/TdGNx7eMSg+9IawIZSvDm1H9x9Zefr\n4df8D0Bee7A/mV9e2z4MSeMXqnQJr53nqxfClKc/VydKog1ldJ64TTlIpQ92WbKA\nFiG05Q3hfWcweRWt+6XTd6jUooz9oblMGS8pfVEEqS33qtc+m1qUBxTV8cTBkSaM\no297WNtZGs/JOhItG5AKnA2IfwyPmo2XxDa0vpXXu3Z0VRNU6x2VmPS87gUzhX0q\n3t9VqcpgGYQZzY5G9UUAAAADAQABAAACAAObZXD1KAWhsRR7UqTUv3G6XvE9707J\neSUjBDo6BmzfL0hfQA1EyHeMm9p70AG2BFlCavTZPkWavkyHkbYsXa+Q0IZoQptK\nd/daJggsNsR27z2aOVo/HmclEevw9pf64bvEh8Lb4IgLBuVP1CbwyuIfbgTdt5s2\nT5ruCL9NTMErN35FcGS/bWNodk2YQZ67e6Rvz27J2lMi+13berazAnIgL3AjJqw4\nArw/gfyCjgLsrFnt1FJCwoQgvOeqLbrZ9E296UFdibD2Spq2gMI06xg6SBAAHLjA\n9/qMIKs0Rq0JjT2AepJNhm+TM9sravpzomxPcK9Wjed3MBHCIXM8TaPRHhaNyItX\nfZlThsPPkRRIRVnPN/T4/Qt9vNEnMNzu2OMcNx3mWMfpMBKTw/GiRnnZ+wN12Ufm\ndr+7dGkeorCeFQG7vUTVEyo5leSa+hw38hfp3n9nXzywa5qn9hbuqs0F+61sCvcH\nsVaa1zkFZqSQODTSf1Ksu9JSWasrTHLmEI82kEl6kWCQE0QrXrcI7Sm+Ye2WwzuH\n4DPjTgEo13Vqe0DqG7QqbA9E6jUoJzhkRzz6WubzS+70wWip2WzAt5LrVbvU33DS\nbiwWgp2+StTgL2eVJmGz3R+TcgVOvm1E0Jfh/IS6V6lFVoSgoVqQJnpA2ASQ5dJX\nrDaL8UCn5vKBAAABAQDFPiiS/a6v6AaQn1Q+BmYmfNZJzBnUgx6ROWMTHPYnCENI\nsE9mNGhaf8U/DGQBcA7yQHn36rsRw/nRPM/fi7BRltOVB3kQkWBvNOnUVcDaX7EA\npuu8Q54iZprfIV60zlqUEl/ur8wuLwCi32GLCpxk0Hqc6KIuA8wLfmVPu3atyViY\nsVfOUKB3yZMkfhKX3fZYBOo7dJER9Fas60wqMneyK6fqWHyJdV1T5IZRdzYr3O8t\n49u4xMciC2OCwsl2Va2uBDt7NogmU2aCmHOW7U16gPgQ3biooTJ79X0IyU7lO05e\ngvTzS3UDWfqigM55o0pCx4mn8qmKaOtNxzs2UtZiAAABAQDGN7+C4Efk1L8MdGbF\nqDx9gSV8Ef6zUM2hFGhbObwLfAb7uz3Gd00GNvb5CuGqXt7RlzIKFnr0YZnpnB7G\ntEqmC5gqBwDi68l96cWSdeQN1zXTKx7P+AGqZXPTUPdJmlMA6K10C5cO5nPgQShI\nm5BN+Xt73wQsv+QMP1QBVARDP0B+Fq5KB0HlHiPSsqZ4uN70CMtgfsSetA5Yg/08\nM27zBMSiNC6f38WVvo9JQ3wVlurvWDo3Mlrtuoi1D1W62E+4KmhbisJQRtP28qgU\n+obOoQ8jCJtPX2AV4O4cByeKWcoPoOM2yFvLRsY6rcXT7fCZmlOv+XhOsNmEDFMe\ntKPZAAABAQDENerJl15C/fu2B6GQZeC7b+CQjgh4R9+7FY3jkuqm4wRivwnEiFp7\neVh1JdcAgCcjFIVMUr2/W3xhZ7Kk38/k9MFqE85WNHyGuTKhyrYdO6Wp/TjVm9NR\nBSBT14HzV5uoYMCceNkniWvQWfCoQft+wQfe+J8Hsz8JbtXw+7GKQlidcH1+dLdr\n+YuugIoqHxjDIG2FMHwOeyDTIjT2/cw2+ZM2kPFF7DltrMlYWGyVpiIDaetT5GUq\nUlmkiFH6uJ2+kG9L/3IKP+3kPTEZZrUqAPN87qOIu9ZX3OHS/Te+2KVLxycGmnGK\n8GROdpxtpUS2cLkZ6H48FjTJdqzrW/VNAAAAAAEC\n-----END OPENSSH PRIVATE KEY-----\n",
            "private_key_pem": "-----BEGIN RSA PRIVATE KEY-----\nMIIJKQIBAAKCAgEAl+xt9eXWVyadpJc39q/B41ejJP9urd3EiuKcLHaQmZoFMR2v\nI6y1CBL8j2kMGK68GM4FJOLmJQU/t0Itsgc3RNqA2+8OZ3+MeXAatLAyIIbcjRLp\ns7z7G42qnRoVNt1nGWFSKWaQHDm87gWBcVkkrM1ZjModG/SeJcgCMbGyF6/SLY/n\nWiFBnj91etPHPLn5Z+OuKlRrbsZ/zxxkY6gA2En21vc/u1da3Cx1zWpeWfFnF2Rm\nrZYskVEdrj6/rQcZnaZVbwUcDSi7EKJ2kwgcfJtb2dvsZkiC4b64KEymDoP+hzFe\nkMwhvnW0tYP5EYpYLQ6kUsuOez5xWTSEgJ4WZq7v6hzvm6G52zEPVmASsiy00ic9\nWEWYGRZ0zXHN/NwhgVmUSxMCAAP9RN/MQzurtmap+pr5ofSrBYuIMK/9RsM096UN\nFV36pZDUr/TdGNx7eMSg+9IawIZSvDm1H9x9Zefr4df8D0Bee7A/mV9e2z4MSeMX\nqnQJr53nqxfClKc/VydKog1ldJ64TTlIpQ92WbKAFiG05Q3hfWcweRWt+6XTd6jU\nooz9oblMGS8pfVEEqS33qtc+m1qUBxTV8cTBkSaMo297WNtZGs/JOhItG5AKnA2I\nfwyPmo2XxDa0vpXXu3Z0VRNU6x2VmPS87gUzhX0q3t9VqcpgGYQZzY5G9UUCAwEA\nAQKCAgADm2Vw9SgFobEUe1Kk1L9xul7xPe9OyXklIwQ6OgZs3y9IX0ANRMh3jJva\ne9ABtgRZQmr02T5Fmr5Mh5G2LF2vkNCGaEKbSnf3WiYILDbEdu89mjlaPx5nJRHr\n8PaX+uG7xIfC2+CICwblT9Qm8MriH24E3bebNk+a7gi/TUzBKzd+RXBkv21jaHZN\nmEGeu3ukb89uydpTIvtd23q2swJyIC9wIyasOAK8P4H8go4C7KxZ7dRSQsKEILzn\nqi262fRNvelBXYmw9kqatoDCNOsYOkgQABy4wPf6jCCrNEatCY09gHqSTYZvkzPb\nK2r6c6JsT3CvVo3ndzARwiFzPE2j0R4WjciLV32ZU4bDz5EUSEVZzzf0+P0LfbzR\nJzDc7tjjHDcd5ljH6TASk8PxokZ52fsDddlH5na/u3RpHqKwnhUBu71E1RMqOZXk\nmvocN/IX6d5/Z188sGuap/YW7qrNBfutbAr3B7FWmtc5BWakkDg00n9SrLvSUlmr\nK0xy5hCPNpBJepFgkBNEK163CO0pvmHtlsM7h+Az404BKNd1antA6hu0KmwPROo1\nKCc4ZEc8+lrm80vu9MFoqdlswLeS61W71N9w0m4sFoKdvkrU4C9nlSZhs90fk3IF\nTr5tRNCX4fyEulepRVaEoKFakCZ6QNgEkOXSV6w2i/FAp+bygQKCAQEAxje/guBH\n5NS/DHRmxag8fYElfBH+s1DNoRRoWzm8C3wG+7s9xndNBjb2+Qrhql7e0ZcyChZ6\n9GGZ6ZwexrRKpguYKgcA4uvJfenFknXkDdc10ysez/gBqmVz01D3SZpTAOitdAuX\nDuZz4EEoSJuQTfl7e98ELL/kDD9UAVQEQz9AfhauSgdB5R4j0rKmeLje9AjLYH7E\nnrQOWIP9PDNu8wTEojQun9/Flb6PSUN8FZbq71g6NzJa7bqItQ9VuthPuCpoW4rC\nUEbT9vKoFPqGzqEPIwibT19gFeDuHAcnilnKD6DjNshby0bGOq3F0+3wmZpTr/l4\nTrDZhAxTHrSj2QKCAQEAxDXqyZdeQv37tgehkGXgu2/gkI4IeEffuxWN45LqpuME\nYr8JxIhae3lYdSXXAIAnIxSFTFK9v1t8YWeypN/P5PTBahPOVjR8hrkyocq2HTul\nqf041ZvTUQUgU9eB81ebqGDAnHjZJ4lr0FnwqEH7fsEH3vifB7M/CW7V8PuxikJY\nnXB9fnS3a/mLroCKKh8YwyBthTB8Dnsg0yI09v3MNvmTNpDxRew5bazJWFhslaYi\nA2nrU+RlKlJZpIhR+ridvpBvS/9yCj/t5D0xGWa1KgDzfO6jiLvWV9zh0v03vtil\nS8cnBppxivBkTnacbaVEtnC5Geh+PBY0yXas61v1TQKCAQBUl7wanZ7xEL5MEW0+\n05KlOTWHIqLhYg2vvebfb99Jw2+zhPBTP9zWVyTFmhg+vmg3aGBJn9hvbSvjX+Ze\nhNkKzg3tebmuHlSKcPcJj1h5c6wb594pgT0svElXGMnAVqUv0R0dVkjsaftv7D7F\n5eYK8Pr7HW1Jr8ciVvCB9JoxHNBoP0O4gipkHp3JMMcM5FD6Mrqg/tjopg0tR38O\nbyDdg95rHvv67OQFCSNbb/qHuDWhWbTWk53ssNvg8Z9zsxcqkKai0rAk1GVnkZ2b\n/mMD0gaEvAqUMC7wh2L3ATKlv7YVP2NYoN9T/Gti5YB09qnk09D9W+k1JBJgYWYj\nx5HZAoIBAQCeVbwwDbx9ZyP20tWoBu6Bk1iujk97cNS0zkIAAZDmN5BUd0FUnYwW\n0+d0MaL8vm3WuzqOSr7gat1GZT4eGpZTdseV6IG7wwMyXMTlFwY7NOUM9lEk32h5\nmx9pSSGO04XDLMCCBGuIojaknc+8l/JxaSgG4K7EsfsOi6iNnS66GawU8K/0mg9i\nTLBRk1zrfMiovcRjlKqnrOjiOFpxboGbY29Ou0xYVrZJMQQSDNkjMjuEcbb7rfWN\nX4MDaRZuswhovXly5KKMbuZ0JoU2sFFFohrbGGBTePERWifJ8ZlIot9Q9Vci1wMF\nUdRAFStKt/FpIDHfHGSx7GGQqfoEu+KJAoIBAQDFPiiS/a6v6AaQn1Q+BmYmfNZJ\nzBnUgx6ROWMTHPYnCENIsE9mNGhaf8U/DGQBcA7yQHn36rsRw/nRPM/fi7BRltOV\nB3kQkWBvNOnUVcDaX7EApuu8Q54iZprfIV60zlqUEl/ur8wuLwCi32GLCpxk0Hqc\n6KIuA8wLfmVPu3atyViYsVfOUKB3yZMkfhKX3fZYBOo7dJER9Fas60wqMneyK6fq\nWHyJdV1T5IZRdzYr3O8t49u4xMciC2OCwsl2Va2uBDt7NogmU2aCmHOW7U16gPgQ\n3biooTJ79X0IyU7lO05egvTzS3UDWfqigM55o0pCx4mn8qmKaOtNxzs2UtZi\n-----END RSA PRIVATE KEY-----\n",
            "private_key_pem_pkcs8": "-----BEGIN PRIVATE KEY-----\nMIIJQwIBADANBgkqhkiG9w0BAQEFAASCCS0wggkpAgEAAoICAQCX7G315dZXJp2k\nlzf2r8HjV6Mk/26t3cSK4pwsdpCZmgUxHa8jrLUIEvyPaQwYrrwYzgUk4uYlBT+3\nQi2yBzdE2oDb7w5nf4x5cBq0sDIghtyNEumzvPsbjaqdGhU23WcZYVIpZpAcObzu\nBYFxWSSszVmMyh0b9J4lyAIxsbIXr9Itj+daIUGeP3V608c8ufln464qVGtuxn/P\nHGRjqADYSfbW9z+7V1rcLHXNal5Z8WcXZGatliyRUR2uPr+tBxmdplVvBRwNKLsQ\nonaTCBx8m1vZ2+xmSILhvrgoTKYOg/6HMV6QzCG+dbS1g/kRilgtDqRSy457PnFZ\nNISAnhZmru/qHO+bobnbMQ9WYBKyLLTSJz1YRZgZFnTNcc383CGBWZRLEwIAA/1E\n38xDO6u2Zqn6mvmh9KsFi4gwr/1GwzT3pQ0VXfqlkNSv9N0Y3Ht4xKD70hrAhlK8\nObUf3H1l5+vh1/wPQF57sD+ZX17bPgxJ4xeqdAmvneerF8KUpz9XJ0qiDWV0nrhN\nOUilD3ZZsoAWIbTlDeF9ZzB5Fa37pdN3qNSijP2huUwZLyl9UQSpLfeq1z6bWpQH\nFNXxxMGRJoyjb3tY21kaz8k6Ei0bkAqcDYh/DI+ajZfENrS+lde7dnRVE1TrHZWY\n9LzuBTOFfSre31WpymAZhBnNjkb1RQIDAQABAoICAAObZXD1KAWhsRR7UqTUv3G6\nXvE9707JeSUjBDo6BmzfL0hfQA1EyHeMm9p70AG2BFlCavTZPkWavkyHkbYsXa+Q\n0IZoQptKd/daJggsNsR27z2aOVo/HmclEevw9pf64bvEh8Lb4IgLBuVP1CbwyuIf\nbgTdt5s2T5ruCL9NTMErN35FcGS/bWNodk2YQZ67e6Rvz27J2lMi+13berazAnIg\nL3AjJqw4Arw/gfyCjgLsrFnt1FJCwoQgvOeqLbrZ9E296UFdibD2Spq2gMI06xg6\nSBAAHLjA9/qMIKs0Rq0JjT2AepJNhm+TM9sravpzomxPcK9Wjed3MBHCIXM8TaPR\nHhaNyItXfZlThsPPkRRIRVnPN/T4/Qt9vNEnMNzu2OMcNx3mWMfpMBKTw/GiRnnZ\n+wN12Ufmdr+7dGkeorCeFQG7vUTVEyo5leSa+hw38hfp3n9nXzywa5qn9hbuqs0F\n+61sCvcHsVaa1zkFZqSQODTSf1Ksu9JSWasrTHLmEI82kEl6kWCQE0QrXrcI7Sm+\nYe2WwzuH4DPjTgEo13Vqe0DqG7QqbA9E6jUoJzhkRzz6WubzS+70wWip2WzAt5Lr\nVbvU33DSbiwWgp2+StTgL2eVJmGz3R+TcgVOvm1E0Jfh/IS6V6lFVoSgoVqQJnpA\n2ASQ5dJXrDaL8UCn5vKBAoIBAQDGN7+C4Efk1L8MdGbFqDx9gSV8Ef6zUM2hFGhb\nObwLfAb7uz3Gd00GNvb5CuGqXt7RlzIKFnr0YZnpnB7GtEqmC5gqBwDi68l96cWS\ndeQN1zXTKx7P+AGqZXPTUPdJmlMA6K10C5cO5nPgQShIm5BN+Xt73wQsv+QMP1QB\nVARDP0B+Fq5KB0HlHiPSsqZ4uN70CMtgfsSetA5Yg/08M27zBMSiNC6f38WVvo9J\nQ3wVlurvWDo3Mlrtuoi1D1W62E+4KmhbisJQRtP28qgU+obOoQ8jCJtPX2AV4O4c\nByeKWcoPoOM2yFvLRsY6rcXT7fCZmlOv+XhOsNmEDFMetKPZAoIBAQDENerJl15C\n/fu2B6GQZeC7b+CQjgh4R9+7FY3jkuqm4wRivwnEiFp7eVh1JdcAgCcjFIVMUr2/\nW3xhZ7Kk38/k9MFqE85WNHyGuTKhyrYdO6Wp/TjVm9NRBSBT14HzV5uoYMCceNkn\niWvQWfCoQft+wQfe+J8Hsz8JbtXw+7GKQlidcH1+dLdr+YuugIoqHxjDIG2FMHwO\neyDTIjT2/cw2+ZM2kPFF7DltrMlYWGyVpiIDaetT5GUqUlmkiFH6uJ2+kG9L/3IK\nP+3kPTEZZrUqAPN87qOIu9ZX3OHS/Te+2KVLxycGmnGK8GROdpxtpUS2cLkZ6H48\nFjTJdqzrW/VNAoIBAFSXvBqdnvEQvkwRbT7TkqU5NYciouFiDa+95t9v30nDb7OE\n8FM/3NZXJMWaGD6+aDdoYEmf2G9tK+Nf5l6E2QrODe15ua4eVIpw9wmPWHlzrBvn\n3imBPSy8SVcYycBWpS/RHR1WSOxp+2/sPsXl5grw+vsdbUmvxyJW8IH0mjEc0Gg/\nQ7iCKmQenckwxwzkUPoyuqD+2OimDS1Hfw5vIN2D3mse+/rs5AUJI1tv+oe4NaFZ\ntNaTneyw2+Dxn3OzFyqQpqLSsCTUZWeRnZv+YwPSBoS8CpQwLvCHYvcBMqW/thU/\nY1ig31P8a2LlgHT2qeTT0P1b6TUkEmBhZiPHkdkCggEBAJ5VvDANvH1nI/bS1agG\n7oGTWK6OT3tw1LTOQgABkOY3kFR3QVSdjBbT53Qxovy+bda7Oo5KvuBq3UZlPh4a\nllN2x5XogbvDAzJcxOUXBjs05Qz2USTfaHmbH2lJIY7ThcMswIIEa4iiNqSdz7yX\n8nFpKAbgrsSx+w6LqI2dLroZrBTwr/SaD2JMsFGTXOt8yKi9xGOUqqes6OI4WnFu\ngZtjb067TFhWtkkxBBIM2SMyO4Rxtvut9Y1fgwNpFm6zCGi9eXLkooxu5nQmhTaw\nUUWiGtsYYFN48RFaJ8nxmUii31D1VyLXAwVR1EAVK0q38WkgMd8cZLHsYZCp+gS7\n4okCggEBAMU+KJL9rq/oBpCfVD4GZiZ81knMGdSDHpE5YxMc9icIQ0iwT2Y0aFp/\nxT8MZAFwDvJAeffquxHD+dE8z9+LsFGW05UHeRCRYG806dRVwNpfsQCm67xDniJm\nmt8hXrTOWpQSX+6vzC4vAKLfYYsKnGTQepzooi4DzAt+ZU+7dq3JWJixV85QoHfJ\nkyR+Epfd9lgE6jt0kRH0VqzrTCoyd7Irp+pYfIl1XVPkhlF3Nivc7y3j27jExyIL\nY4LCyXZVra4EO3s2iCZTZoKYc5btTXqA+BDduKihMnv1fQjJTuU7Tl6C9PNLdQNZ\n+qKAznmjSkLHiafyqYpo603HOzZS1mI=\n-----END PRIVATE KEY-----\n",
            "public_key_fingerprint_md5": "3f:93:90:da:f3:d5:38:b8:41:ec:4c:4f:69:74:55:99",
            "public_key_fingerprint_sha256": "SHA256:lI0yHT2/CIjo7mVpQpMHXrptv/RVoPHCoFPgtAmtAb4",
            "public_key_openssh": "ssh-rsa AAAAB3NzaC1yc2EAAAADAQABAAACAQCX7G315dZXJp2klzf2r8HjV6Mk/26t3cSK4pwsdpCZmgUxHa8jrLUIEvyPaQwYrrwYzgUk4uYlBT+3Qi2yBzdE2oDb7w5nf4x5cBq0sDIghtyNEumzvPsbjaqdGhU23WcZYVIpZpAcObzuBYFxWSSszVmMyh0b9J4lyAIxsbIXr9Itj+daIUGeP3V608c8ufln464qVGtuxn/PHGRjqADYSfbW9z+7V1rcLHXNal5Z8WcXZGatliyRUR2uPr+tBxmdplVvBRwNKLsQonaTCBx8m1vZ2+xmSILhvrgoTKYOg/6HMV6QzCG+dbS1g/kRilgtDqRSy457PnFZNISAnhZmru/qHO+bobnbMQ9WYBKyLLTSJz1YRZgZFnTNcc383CGBWZRLEwIAA/1E38xDO6u2Zqn6mvmh9KsFi4gwr/1GwzT3pQ0VXfqlkNSv9N0Y3Ht4xKD70hrAhlK8ObUf3H1l5+vh1/wPQF57sD+ZX17bPgxJ4xeqdAmvneerF8KUpz9XJ0qiDWV0nrhNOUilD3ZZsoAWIbTlDeF9ZzB5Fa37pdN3qNSijP2huUwZLyl9UQSpLfeq1z6bWpQHFNXxxMGRJoyjb3tY21kaz8k6Ei0bkAqcDYh/DI+ajZfENrS+lde7dnRVE1TrHZWY9LzuBTOFfSre31WpymAZhBnNjkb1RQ==\n",
            "public_key_pem": "-----BEGIN PUBLIC KEY-----\nMIICIjANBgkqhkiG9w0BAQEFAAOCAg8AMIICCgKCAgEAl+xt9eXWVyadpJc39q/B\n41ejJP9urd3EiuKcLHaQmZoFMR2vI6y1CBL8j2kMGK68GM4FJOLmJQU/t0Itsgc3\nRNqA2+8OZ3+MeXAatLAyIIbcjRLps7z7G42qnRoVNt1nGWFSKWaQHDm87gWBcVkk\nrM1ZjModG/SeJcgCMbGyF6/SLY/nWiFBnj91etPHPLn5Z+OuKlRrbsZ/zxxkY6gA\n2En21vc/u1da3Cx1zWpeWfFnF2RmrZYskVEdrj6/rQcZnaZVbwUcDSi7EKJ2kwgc\nfJtb2dvsZkiC4b64KEymDoP+hzFekMwhvnW0tYP5EYpYLQ6kUsuOez5xWTSEgJ4W\nZq7v6hzvm6G52zEPVmASsiy00ic9WEWYGRZ0zXHN/NwhgVmUSxMCAAP9RN/MQzur\ntmap+pr5ofSrBYuIMK/9RsM096UNFV36pZDUr/TdGNx7eMSg+9IawIZSvDm1H9x9\nZefr4df8D0Bee7A/mV9e2z4MSeMXqnQJr53nqxfClKc/VydKog1ldJ64TTlIpQ92\nWbKAFiG05Q3hfWcweRWt+6XTd6jUooz9oblMGS8pfVEEqS33qtc+m1qUBxTV8cTB\nkSaMo297WNtZGs/JOhItG5AKnA2IfwyPmo2XxDa0vpXXu3Z0VRNU6x2VmPS87gUz\nhX0q3t9VqcpgGYQZzY5G9UUCAwEAAQ==\n-----END PUBLIC KEY-----\n",
            "rsa_bits": 4096
          },
          "sensitive_attributes": [
            [
              {
                "type": "get_attr",
                "value": "private_key_openssh"
              }
            ],
            [
              {
                "type": "get_attr",
                "value": "private_key_pem"
              }
            ],
            [
              {
                "type": "get_attr",
                "value": "private_key_pem_pkcs8"
              }
            ]
          ],
          "identity_schema_version": 0
        }
      ]
    }
  ],
  "check_results": null
}
